
{
  "name": "dangeo-mystic1.0",
  "version": "1.0.0",
  "lockfileVersion": 2,
  "dependencies": {
    "next": {
      "version": "14.0.0",
      "resolved": "https://registry.npmjs.org/next/-/next-14.0.0.tgz",
      "integrity": "sha512-6eZhtKHdov5hHoihIb18OcnKp+kpHZ7U8yOL3bdw0xkV7Bl7UR7BaObm0TLZrR88/PlrkVwXoxjFN9hguVSttA==",
      "dev": true
    },
    "react": {
      "version": "18.2.0",
      "resolved": "https://registry.npmjs.org/react/-/react-18.2.0.tgz",
      "integrity": "sha512-A2Q+E/Jx6KCh2kKjCmHHN7y1jbqlX4Z9l5wsHZZUcx2YZlHpVuzGkYOvFgfBD6IkdTe+YjApsndCgP6Bd/DvdA==",
      "dev": true
    }
  }
}
